
Microsoft Visual Studio Solution File, Format Version 12.00
# Visual Studio Version 17
VisualStudioVersion = 17.5.33516.290
MinimumVisualStudioVersion = 10.0.40219.1
Project("{FAE04EC0-301F-11D3-BF4B-00C04F79EFBC}") = "Builder", "Builder.csproj", "{EA561E24-736F-4D1B-A8C7-4B06738323CA}"
EndProject
Global
	GlobalSection(SolutionConfigurationPlatforms) = preSolution
		Debug|Any CPU = Debug|Any CPU
		Release|Any CPU = Release|Any CPU
	EndGlobalSection
	GlobalSection(ProjectConfigurationPlatforms) = postSolution
		{EA561E24-736F-4D1B-A8C7-4B06738323CA}.Debug|Any CPU.ActiveCfg = Debug|Any CPU
		{EA561E24-736F-4D1B-A8C7-4B06738323CA}.Debug|Any CPU.Build.0 = Debug|Any CPU
		{EA561E24-736F-4D1B-A8C7-4B06738323CA}.Release|Any CPU.ActiveCfg = Release|Any CPU
		{EA561E24-736F-4D1B-A8C7-4B06738323CA}.Release|Any CPU.Build.0 = Release|Any CPU
	EndGlobalSection
	GlobalSection(SolutionProperties) = preSolution
		HideSolutionNode = FALSE
	EndGlobalSection
	GlobalSection(ExtensibilityGlobals) = postSolution
		SolutionGuid = {5AA3F2CC-BE11-4CE5-B6A6-C3FA5CD24348}
	EndGlobalSection
EndGlobal
